
Microsoft Visual Studio Solution File, Format Version 12.00
# Visual Studio Version 16
VisualStudioVersion = 16.0.30323.103
MinimumVisualStudioVersion = 10.0.40219.1
Project("{9A19103F-16F7-4668-BE54-9A1E7A4F7556}") = "Icon_Cps.Client", "Icon_Cps.Client\Icon_Cps.Client.csproj", "{99F87D9A-DAA2-4185-99EA-422AA82F6557}"
EndProject
Project("{9A19103F-16F7-4668-BE54-9A1E7A4F7556}") = "Icon_Cps.Server", "Icon_Cps.Server\Icon_Cps.Server.csproj", "{2B844BB4-1B2F-4655-9EBC-E58553074867}"
EndProject
Global
	GlobalSection(SolutionConfigurationPlatforms) = preSolution
		Debug|Any CPU = Debug|Any CPU
		Release|Any CPU = Release|Any CPU
	EndGlobalSection
	GlobalSection(ProjectConfigurationPlatforms) = postSolution
		{99F87D9A-DAA2-4185-99EA-422AA82F6557}.Debug|Any CPU.ActiveCfg = Debug|Any CPU
		{99F87D9A-DAA2-4185-99EA-422AA82F6557}.Debug|Any CPU.Build.0 = Debug|Any CPU
		{99F87D9A-DAA2-4185-99EA-422AA82F6557}.Release|Any CPU.ActiveCfg = Release|Any CPU
		{99F87D9A-DAA2-4185-99EA-422AA82F6557}.Release|Any CPU.Build.0 = Release|Any CPU
		{2B844BB4-1B2F-4655-9EBC-E58553074867}.Debug|Any CPU.ActiveCfg = Debug|Any CPU
		{2B844BB4-1B2F-4655-9EBC-E58553074867}.Debug|Any CPU.Build.0 = Debug|Any CPU
		{2B844BB4-1B2F-4655-9EBC-E58553074867}.Release|Any CPU.ActiveCfg = Release|Any CPU
		{2B844BB4-1B2F-4655-9EBC-E58553074867}.Release|Any CPU.Build.0 = Release|Any CPU
	EndGlobalSection
	GlobalSection(SolutionProperties) = preSolution
		HideSolutionNode = FALSE
	EndGlobalSection
	GlobalSection(ExtensibilityGlobals) = postSolution
		SolutionGuid = {1EFE9BB4-3E64-4E90-85B2-5DD53D677E0C}
	EndGlobalSection
EndGlobal
